<?xml version="1.0" encoding="utf-8"?>
<Project ToolsVersion="4.0" xmlns="http://schemas.microsoft.com/developer/msbuild/2003">
  <ItemGroup>
    <Filter Include="Source Files">
      <UniqueIdentifier>{4FC737F1-C7A5-4376-A066-2A32D752A2FF}</UniqueIdentifier>
      <Extensions>cpp;c;cc;cxx;c++;cppm;ixx;def;odl;idl;hpj;bat;asm;asmx</Extensions>
    </Filter>
    <Filter Include="Header Files">
      <UniqueIdentifier>{93995380-89BD-4b04-88EB-625FBE52EBFB}</UniqueIdentifier>
      <Extensions>h;hh;hpp;hxx;h++;hm;inl;inc;ipp;xsd</Extensions>
    </Filter>
    <Filter Include="Resource Files">
      <UniqueIdentifier>{67DA6AB6-F800-4c08-8B7A-83BB121AAD01}</UniqueIdentifier>
      <Extensions>rc;ico;cur;bmp;dlg;rc2;rct;bin;rgs;gif;jpg;jpeg;jpe;resx;tiff;tif;png;wav;mfcribbon-ms</Extensions>
    </Filter>
    <Filter Include="Source Files\structures">
      <UniqueIdentifier>{55f0db80-ff6c-40aa-8740-4d4accfa3539}</UniqueIdentifier>
    </Filter>
    <Filter Include="Source Files\structures\_logger">
      <UniqueIdentifier>{10e207fd-c088-4747-b8b2-727c8ab55dbb}</UniqueIdentifier>
    </Filter>
    <Filter Include="Source Files\structures\array">
      <UniqueIdentifier>{d06dbba5-b1bc-4aa8-89d8-41d6f939800d}</UniqueIdentifier>
    </Filter>
    <Filter Include="Source Files\structures\list">
      <UniqueIdentifier>{27bcea1e-7d9f-4d4f-b33a-3c159d51045b}</UniqueIdentifier>
    </Filter>
    <Filter Include="Source Files\structures\matrix">
      <UniqueIdentifier>{00a9c141-6b9d-4958-84cf-22d6bf50b8fe}</UniqueIdentifier>
    </Filter>
    <Filter Include="Source Files\structures\priority_queue">
      <UniqueIdentifier>{4983c1f0-1223-43ee-9b42-b06ea2987da3}</UniqueIdentifier>
    </Filter>
    <Filter Include="Source Files\structures\queue">
      <UniqueIdentifier>{a471bd89-85c6-4ed6-93e6-3c5803c3e5ff}</UniqueIdentifier>
    </Filter>
    <Filter Include="Source Files\structures\stack">
      <UniqueIdentifier>{1fd0a805-1196-4ac1-986e-d355eb594034}</UniqueIdentifier>
    </Filter>
    <Filter Include="Source Files\structures\table">
      <UniqueIdentifier>{5c9dc53d-a233-4d2f-a121-e88c2fe620a5}</UniqueIdentifier>
    </Filter>
    <Filter Include="Source Files\structures\table\sorting">
      <UniqueIdentifier>{85c0c707-a9f0-4f94-9a6d-547df8ed3488}</UniqueIdentifier>
    </Filter>
    <Filter Include="Source Files\structures\tree">
      <UniqueIdentifier>{dc025b4c-50e7-41d1-9d0b-bdc8b0cbef02}</UniqueIdentifier>
    </Filter>
    <Filter Include="Source Files\structures\vector">
      <UniqueIdentifier>{419f6645-e8b3-4f87-8f20-e565a935cfeb}</UniqueIdentifier>
    </Filter>
  </ItemGroup>
  <ItemGroup>
    <ClCompile Include="Main.cpp">
      <Filter>Source Files</Filter>
    </ClCompile>
    <ClCompile Include="structures\structure.cpp">
      <Filter>Source Files\structures</Filter>
    </ClCompile>
    <ClCompile Include="structures\utils.cpp">
      <Filter>Source Files\structures</Filter>
    </ClCompile>
    <ClCompile Include="structures\_logger\file_log_consumer.cpp">
      <Filter>Source Files\structures\_logger</Filter>
    </ClCompile>
    <ClCompile Include="structures\_logger\logger.cpp">
      <Filter>Source Files\structures\_logger</Filter>
    </ClCompile>
    <ClCompile Include="structures\vector\vector.cpp">
      <Filter>Source Files\structures\vector</Filter>
    </ClCompile>
  </ItemGroup>
  <ItemGroup>
    <ClInclude Include="structures\data_item.h">
      <Filter>Source Files\structures</Filter>
    </ClInclude>
    <ClInclude Include="structures\heap_monitor.h">
      <Filter>Source Files\structures</Filter>
    </ClInclude>
    <ClInclude Include="structures\structure.h">
      <Filter>Source Files\structures</Filter>
    </ClInclude>
    <ClInclude Include="structures\structure_iterator.h">
      <Filter>Source Files\structures</Filter>
    </ClInclude>
    <ClInclude Include="structures\types.h">
      <Filter>Source Files\structures</Filter>
    </ClInclude>
    <ClInclude Include="structures\utils.h">
      <Filter>Source Files\structures</Filter>
    </ClInclude>
    <ClInclude Include="structures\_logger\file_log_consumer.h">
      <Filter>Source Files\structures\_logger</Filter>
    </ClInclude>
    <ClInclude Include="structures\_logger\logger.h">
      <Filter>Source Files\structures\_logger</Filter>
    </ClInclude>
    <ClInclude Include="structures\array\array.h">
      <Filter>Source Files\structures\array</Filter>
    </ClInclude>
    <ClInclude Include="structures\list\array_list.h">
      <Filter>Source Files\structures\list</Filter>
    </ClInclude>
    <ClInclude Include="structures\list\double_linked_list.h">
      <Filter>Source Files\structures\list</Filter>
    </ClInclude>
    <ClInclude Include="structures\list\linked_list.h">
      <Filter>Source Files\structures\list</Filter>
    </ClInclude>
    <ClInclude Include="structures\list\list.h">
      <Filter>Source Files\structures\list</Filter>
    </ClInclude>
    <ClInclude Include="structures\matrix\coherent_matrix.h">
      <Filter>Source Files\structures\matrix</Filter>
    </ClInclude>
    <ClInclude Include="structures\matrix\incoherent_matrix.h">
      <Filter>Source Files\structures\matrix</Filter>
    </ClInclude>
    <ClInclude Include="structures\matrix\matrix.h">
      <Filter>Source Files\structures\matrix</Filter>
    </ClInclude>
    <ClInclude Include="structures\priority_queue\heap.h">
      <Filter>Source Files\structures\priority_queue</Filter>
    </ClInclude>
    <ClInclude Include="structures\priority_queue\priority_queue.h">
      <Filter>Source Files\structures\priority_queue</Filter>
    </ClInclude>
    <ClInclude Include="structures\priority_queue\priority_queue_limited_sorted_array_list.h">
      <Filter>Source Files\structures\priority_queue</Filter>
    </ClInclude>
    <ClInclude Include="structures\priority_queue\priority_queue_linked_list.h">
      <Filter>Source Files\structures\priority_queue</Filter>
    </ClInclude>
    <ClInclude Include="structures\priority_queue\priority_queue_list.h">
      <Filter>Source Files\structures\priority_queue</Filter>
    </ClInclude>
    <ClInclude Include="structures\priority_queue\priority_queue_sorted_array_list.h">
      <Filter>Source Files\structures\priority_queue</Filter>
    </ClInclude>
    <ClInclude Include="structures\priority_queue\priority_queue_two_lists.h">
      <Filter>Source Files\structures\priority_queue</Filter>
    </ClInclude>
    <ClInclude Include="structures\priority_queue\priority_queue_unsorted_array_list.h">
      <Filter>Source Files\structures\priority_queue</Filter>
    </ClInclude>
    <ClInclude Include="structures\queue\explicit_queue.h">
      <Filter>Source Files\structures\queue</Filter>
    </ClInclude>
    <ClInclude Include="structures\queue\implicit_queue.h">
      <Filter>Source Files\structures\queue</Filter>
    </ClInclude>
    <ClInclude Include="structures\queue\queue.h">
      <Filter>Source Files\structures\queue</Filter>
    </ClInclude>
    <ClInclude Include="structures\stack\explicit_stack.h">
      <Filter>Source Files\structures\stack</Filter>
    </ClInclude>
    <ClInclude Include="structures\stack\implicit_stack.h">
      <Filter>Source Files\structures\stack</Filter>
    </ClInclude>
    <ClInclude Include="structures\stack\stack.h">
      <Filter>Source Files\structures\stack</Filter>
    </ClInclude>
    <ClInclude Include="structures\table\binary_search_tree.h">
      <Filter>Source Files\structures\table</Filter>
    </ClInclude>
    <ClInclude Include="structures\table\hash_table.h">
      <Filter>Source Files\structures\table</Filter>
    </ClInclude>
    <ClInclude Include="structures\table\linked_table.h">
      <Filter>Source Files\structures\table</Filter>
    </ClInclude>
    <ClInclude Include="structures\table\sequence_table.h">
      <Filter>Source Files\structures\table</Filter>
    </ClInclude>
    <ClInclude Include="structures\table\sorted_sequence_table.h">
      <Filter>Source Files\structures\table</Filter>
    </ClInclude>
    <ClInclude Include="structures\table\table.h">
      <Filter>Source Files\structures\table</Filter>
    </ClInclude>
    <ClInclude Include="structures\table\treap.h">
      <Filter>Source Files\structures\table</Filter>
    </ClInclude>
    <ClInclude Include="structures\table\unsorted_sequence_table.h">
      <Filter>Source Files\structures\table</Filter>
    </ClInclude>
    <ClInclude Include="structures\table\sorting\bubble_sort.h">
      <Filter>Source Files\structures\table\sorting</Filter>
    </ClInclude>
    <ClInclude Include="structures\table\sorting\heap_sort.h">
      <Filter>Source Files\structures\table\sorting</Filter>
    </ClInclude>
    <ClInclude Include="structures\table\sorting\insert_sort.h">
      <Filter>Source Files\structures\table\sorting</Filter>
    </ClInclude>
    <ClInclude Include="structures\table\sorting\merge_sort.h">
      <Filter>Source Files\structures\table\sorting</Filter>
    </ClInclude>
    <ClInclude Include="structures\table\sorting\quick_sort.h">
      <Filter>Source Files\structures\table\sorting</Filter>
    </ClInclude>
    <ClInclude Include="structures\table\sorting\radix_sort.h">
      <Filter>Source Files\structures\table\sorting</Filter>
    </ClInclude>
    <ClInclude Include="structures\table\sorting\select_sort.h">
      <Filter>Source Files\structures\table\sorting</Filter>
    </ClInclude>
    <ClInclude Include="structures\table\sorting\shell_sort.h">
      <Filter>Source Files\structures\table\sorting</Filter>
    </ClInclude>
    <ClInclude Include="structures\table\sorting\shuffle.h">
      <Filter>Source Files\structures\table\sorting</Filter>
    </ClInclude>
    <ClInclude Include="structures\table\sorting\sort.h">
      <Filter>Source Files\structures\table\sorting</Filter>
    </ClInclude>
    <ClInclude Include="structures\tree\binary_tree.h">
      <Filter>Source Files\structures\tree</Filter>
    </ClInclude>
    <ClInclude Include="structures\tree\k_way_tree.h">
      <Filter>Source Files\structures\tree</Filter>
    </ClInclude>
    <ClInclude Include="structures\tree\multi_way_tree.h">
      <Filter>Source Files\structures\tree</Filter>
    </ClInclude>
    <ClInclude Include="structures\tree\tree.h">
      <Filter>Source Files\structures\tree</Filter>
    </ClInclude>
    <ClInclude Include="structures\vector\vector.h">
      <Filter>Source Files\structures\vector</Filter>
    </ClInclude>
    <ClInclude Include="CsvReader.h">
      <Filter>Source Files</Filter>
    </ClInclude>
    <ClInclude Include="UzemnaJednotka.h">
      <Filter>Source Files</Filter>
    </ClInclude>
    <ClInclude Include="Vzdelanie.h">
      <Filter>Source Files</Filter>
    </ClInclude>
  </ItemGroup>
</Project>